// !$*UTF8*$!
{
	archiveVersion = 1;
	classes = {
	};
	objectVersion = 55;
	objects = {

/* Begin PBXBuildFile section */
		3E21A4DA2791F8CC009075A0 /* DynamicTriangleTests.swift in Sources */ = {isa = PBXBuildFile; fileRef = 3E21A4D92791F8CC009075A0 /* DynamicTriangleTests.swift */; };
		3EC948982790B44C00B68C96 /* KataClubApp.swift in Sources */ = {isa = PBXBuildFile; fileRef = 3EC948972790B44C00B68C96 /* KataClubApp.swift */; };
		3EC9489A2790B44C00B68C96 /* ContentView.swift in Sources */ = {isa = PBXBuildFile; fileRef = 3EC948992790B44C00B68C96 /* ContentView.swift */; };
		3EC9489C2790B44D00B68C96 /* Assets.xcassets in Resources */ = {isa = PBXBuildFile; fileRef = 3EC9489B2790B44D00B68C96 /* Assets.xcassets */; };
		3EC9489F2790B44D00B68C96 /* Preview Assets.xcassets in Resources */ = {isa = PBXBuildFile; fileRef = 3EC9489E2790B44D00B68C96 /* Preview Assets.xcassets */; };
		3EC948A92790B44D00B68C96 /* KataClubTests.swift in Sources */ = {isa = PBXBuildFile; fileRef = 3EC948A82790B44D00B68C96 /* KataClubTests.swift */; };
		3EEA56D127A32B290009A650 /* ArithmeticProgressionView.swift in Sources */ = {isa = PBXBuildFile; fileRef = 3EEA56D027A32B290009A650 /* ArithmeticProgressionView.swift */; };
		5D9347F827BAD60400915F0B /* MusicLibraryView.swift in Sources */ = {isa = PBXBuildFile; fileRef = 5D9347F727BAD60400915F0B /* MusicLibraryView.swift */; };
		5D9347FA27BAD61100915F0B /* MusicPlaylistsView.swift in Sources */ = {isa = PBXBuildFile; fileRef = 5D9347F927BAD61100915F0B /* MusicPlaylistsView.swift */; };
		5D9347FC27BAD61A00915F0B /* MusicLibraryHelperView.swift in Sources */ = {isa = PBXBuildFile; fileRef = 5D9347FB27BAD61A00915F0B /* MusicLibraryHelperView.swift */; };
		5D9DEE7A279B0BC200D0B82D /* PodcastEpisodeHelperView.swift in Sources */ = {isa = PBXBuildFile; fileRef = 5D9DEE79279B0BC200D0B82D /* PodcastEpisodeHelperView.swift */; };
		5D9DEE7C279B0DB000D0B82D /* PodcastEpisodeView.swift in Sources */ = {isa = PBXBuildFile; fileRef = 5D9DEE7B279B0DB000D0B82D /* PodcastEpisodeView.swift */; };
		5DE759B02798702400002998 /* FeaturedAppView.swift in Sources */ = {isa = PBXBuildFile; fileRef = 5DE759AF2798702400002998 /* FeaturedAppView.swift */; };
		5DE759B22798703000002998 /* FeaturedAppHelperView.swift in Sources */ = {isa = PBXBuildFile; fileRef = 5DE759B12798703000002998 /* FeaturedAppHelperView.swift */; };
		5DE759B427987A4E00002998 /* Color+Extension.swift in Sources */ = {isa = PBXBuildFile; fileRef = 5DE759B327987A4E00002998 /* Color+Extension.swift */; };
		6D19F1CC2790BACA00D0CE14 /* DynamicTriangleView.swift in Sources */ = {isa = PBXBuildFile; fileRef = 6D19F1CB2790BACA00D0CE14 /* DynamicTriangleView.swift */; };
		6DDE124E27A33C2800B464F4 /* ArithmeticProgressionViewTest.swift in Sources */ = {isa = PBXBuildFile; fileRef = 6DDE124D27A33C2800B464F4 /* ArithmeticProgressionViewTest.swift */; };
/* End PBXBuildFile section */

/* Begin PBXContainerItemProxy section */
		3EC948A52790B44D00B68C96 /* PBXContainerItemProxy */ = {
			isa = PBXContainerItemProxy;
			containerPortal = 3EC9488C2790B44C00B68C96 /* Project object */;
			proxyType = 1;
			remoteGlobalIDString = 3EC948932790B44C00B68C96;
			remoteInfo = KataClub;
		};
/* End PBXContainerItemProxy section */

/* Begin PBXFileReference section */
		3E21A4D92791F8CC009075A0 /* DynamicTriangleTests.swift */ = {isa = PBXFileReference; lastKnownFileType = sourcecode.swift; path = DynamicTriangleTests.swift; sourceTree = "<group>"; };
		3EC948942790B44C00B68C96 /* KataClub.app */ = {isa = PBXFileReference; explicitFileType = wrapper.application; includeInIndex = 0; path = KataClub.app; sourceTree = BUILT_PRODUCTS_DIR; };
		3EC948972790B44C00B68C96 /* KataClubApp.swift */ = {isa = PBXFileReference; lastKnownFileType = sourcecode.swift; path = KataClubApp.swift; sourceTree = "<group>"; };
		3EC948992790B44C00B68C96 /* ContentView.swift */ = {isa = PBXFileReference; lastKnownFileType = sourcecode.swift; path = ContentView.swift; sourceTree = "<group>"; };
		3EC9489B2790B44D00B68C96 /* Assets.xcassets */ = {isa = PBXFileReference; lastKnownFileType = folder.assetcatalog; path = Assets.xcassets; sourceTree = "<group>"; };
		3EC9489E2790B44D00B68C96 /* Preview Assets.xcassets */ = {isa = PBXFileReference; lastKnownFileType = folder.assetcatalog; path = "Preview Assets.xcassets"; sourceTree = "<group>"; };
		3EC948A42790B44D00B68C96 /* KataClubTests.xctest */ = {isa = PBXFileReference; explicitFileType = wrapper.cfbundle; includeInIndex = 0; path = KataClubTests.xctest; sourceTree = BUILT_PRODUCTS_DIR; };
		3EC948A82790B44D00B68C96 /* KataClubTests.swift */ = {isa = PBXFileReference; lastKnownFileType = sourcecode.swift; path = KataClubTests.swift; sourceTree = "<group>"; };
		3EEA56D027A32B290009A650 /* ArithmeticProgressionView.swift */ = {isa = PBXFileReference; lastKnownFileType = sourcecode.swift; path = ArithmeticProgressionView.swift; sourceTree = "<group>"; };
		5D9347F727BAD60400915F0B /* MusicLibraryView.swift */ = {isa = PBXFileReference; lastKnownFileType = sourcecode.swift; path = MusicLibraryView.swift; sourceTree = "<group>"; };
		5D9347F927BAD61100915F0B /* MusicPlaylistsView.swift */ = {isa = PBXFileReference; lastKnownFileType = sourcecode.swift; path = MusicPlaylistsView.swift; sourceTree = "<group>"; };
		5D9347FB27BAD61A00915F0B /* MusicLibraryHelperView.swift */ = {isa = PBXFileReference; lastKnownFileType = sourcecode.swift; path = MusicLibraryHelperView.swift; sourceTree = "<group>"; };
		5D9DEE79279B0BC200D0B82D /* PodcastEpisodeHelperView.swift */ = {isa = PBXFileReference; lastKnownFileType = sourcecode.swift; path = PodcastEpisodeHelperView.swift; sourceTree = "<group>"; };
		5D9DEE7B279B0DB000D0B82D /* PodcastEpisodeView.swift */ = {isa = PBXFileReference; lastKnownFileType = sourcecode.swift; path = PodcastEpisodeView.swift; sourceTree = "<group>"; };
		5DE759AF2798702400002998 /* FeaturedAppView.swift */ = {isa = PBXFileReference; lastKnownFileType = sourcecode.swift; path = FeaturedAppView.swift; sourceTree = "<group>"; };
		5DE759B12798703000002998 /* FeaturedAppHelperView.swift */ = {isa = PBXFileReference; lastKnownFileType = sourcecode.swift; path = FeaturedAppHelperView.swift; sourceTree = "<group>"; };
		5DE759B327987A4E00002998 /* Color+Extension.swift */ = {isa = PBXFileReference; lastKnownFileType = sourcecode.swift; path = "Color+Extension.swift"; sourceTree = "<group>"; };
		6D19F1CB2790BACA00D0CE14 /* DynamicTriangleView.swift */ = {isa = PBXFileReference; lastKnownFileType = sourcecode.swift; path = DynamicTriangleView.swift; sourceTree = "<group>"; };
		6DDE124D27A33C2800B464F4 /* ArithmeticProgressionViewTest.swift */ = {isa = PBXFileReference; lastKnownFileType = sourcecode.swift; path = ArithmeticProgressionViewTest.swift; sourceTree = "<group>"; };
/* End PBXFileReference section */

/* Begin PBXFrameworksBuildPhase section */
		3EC948912790B44C00B68C96 /* Frameworks */ = {
			isa = PBXFrameworksBuildPhase;
			buildActionMask = 2147483647;
			files = (
			);
			runOnlyForDeploymentPostprocessing = 0;
		};
		3EC948A12790B44D00B68C96 /* Frameworks */ = {
			isa = PBXFrameworksBuildPhase;
			buildActionMask = 2147483647;
			files = (
			);
			runOnlyForDeploymentPostprocessing = 0;
		};
/* End PBXFrameworksBuildPhase section */

/* Begin PBXGroup section */
		3E186EFE27A336B600D18239 /* FeaturedApp */ = {
			isa = PBXGroup;
			children = (
				5DE759AF2798702400002998 /* FeaturedAppView.swift */,
				5DE759B12798703000002998 /* FeaturedAppHelperView.swift */,
			);
			path = FeaturedApp;
			sourceTree = "<group>";
		};
		3E186EFF27A336DD00D18239 /* Logic */ = {
			isa = PBXGroup;
			children = (
				6D19F1CB2790BACA00D0CE14 /* DynamicTriangleView.swift */,
				3EEA56D027A32B290009A650 /* ArithmeticProgressionView.swift */,
			);
			path = Logic;
			sourceTree = "<group>";
		};
		3E186F0027A336E700D18239 /* Interface */ = {
			isa = PBXGroup;
			children = (
				3E186EFE27A336B600D18239 /* FeaturedApp */,
				5D9DEE78279B0B8000D0B82D /* PodcastEpisode */,
				5D9347F627BAD58100915F0B /* MusicLibrary+Playlists */,
			);
			path = Interface;
			sourceTree = "<group>";
		};
		3EC9488B2790B44C00B68C96 = {
			isa = PBXGroup;
			children = (
				3EC948962790B44C00B68C96 /* KataClub */,
				5DE759B327987A4E00002998 /* Color+Extension.swift */,
				3EC948A72790B44D00B68C96 /* KataClubTests */,
				3EC948952790B44C00B68C96 /* Products */,
			);
			sourceTree = "<group>";
		};
		3EC948952790B44C00B68C96 /* Products */ = {
			isa = PBXGroup;
			children = (
				3EC948942790B44C00B68C96 /* KataClub.app */,
				3EC948A42790B44D00B68C96 /* KataClubTests.xctest */,
			);
			name = Products;
			sourceTree = "<group>";
		};
		3EC948962790B44C00B68C96 /* KataClub */ = {
			isa = PBXGroup;
			children = (
				3EC948972790B44C00B68C96 /* KataClubApp.swift */,
				3EC948992790B44C00B68C96 /* ContentView.swift */,
				3EC9489B2790B44D00B68C96 /* Assets.xcassets */,
				3EC9489D2790B44D00B68C96 /* Preview Content */,
				3E186EFF27A336DD00D18239 /* Logic */,
				3E186F0027A336E700D18239 /* Interface */,
			);
			path = KataClub;
			sourceTree = "<group>";
		};
		3EC9489D2790B44D00B68C96 /* Preview Content */ = {
			isa = PBXGroup;
			children = (
				3EC9489E2790B44D00B68C96 /* Preview Assets.xcassets */,
			);
			path = "Preview Content";
			sourceTree = "<group>";
		};
		3EC948A72790B44D00B68C96 /* KataClubTests */ = {
			isa = PBXGroup;
			children = (
				3EC948A82790B44D00B68C96 /* KataClubTests.swift */,
				3E21A4D92791F8CC009075A0 /* DynamicTriangleTests.swift */,
				6DDE124D27A33C2800B464F4 /* ArithmeticProgressionViewTest.swift */,
			);
			path = KataClubTests;
			sourceTree = "<group>";
		};
		5D9347F627BAD58100915F0B /* MusicLibrary+Playlists */ = {
			isa = PBXGroup;
			children = (
				5D9347F727BAD60400915F0B /* MusicLibraryView.swift */,
				5D9347F927BAD61100915F0B /* MusicPlaylistsView.swift */,
				5D9347FB27BAD61A00915F0B /* MusicLibraryHelperView.swift */,
			);
			path = "MusicLibrary+Playlists";
			sourceTree = "<group>";
		};
		5D9DEE78279B0B8000D0B82D /* PodcastEpisode */ = {
			isa = PBXGroup;
			children = (
				5D9DEE79279B0BC200D0B82D /* PodcastEpisodeHelperView.swift */,
				5D9DEE7B279B0DB000D0B82D /* PodcastEpisodeView.swift */,
			);
			path = PodcastEpisode;
			sourceTree = "<group>";
		};
/* End PBXGroup section */

/* Begin PBXNativeTarget section */
		3EC948932790B44C00B68C96 /* KataClub */ = {
			isa = PBXNativeTarget;
			buildConfigurationList = 3EC948B82790B44D00B68C96 /* Build configuration list for PBXNativeTarget "KataClub" */;
			buildPhases = (
				3EC948902790B44C00B68C96 /* Sources */,
				3EC948912790B44C00B68C96 /* Frameworks */,
				3EC948922790B44C00B68C96 /* Resources */,
			);
			buildRules = (
			);
			dependencies = (
			);
			name = KataClub;
			productName = KataClub;
			productReference = 3EC948942790B44C00B68C96 /* KataClub.app */;
			productType = "com.apple.product-type.application";
		};
		3EC948A32790B44D00B68C96 /* KataClubTests */ = {
			isa = PBXNativeTarget;
			buildConfigurationList = 3EC948BB2790B44D00B68C96 /* Build configuration list for PBXNativeTarget "KataClubTests" */;
			buildPhases = (
				3EC948A02790B44D00B68C96 /* Sources */,
				3EC948A12790B44D00B68C96 /* Frameworks */,
				3EC948A22790B44D00B68C96 /* Resources */,
			);
			buildRules = (
			);
			dependencies = (
				3EC948A62790B44D00B68C96 /* PBXTargetDependency */,
			);
			name = KataClubTests;
			productName = KataClubTests;
			productReference = 3EC948A42790B44D00B68C96 /* KataClubTests.xctest */;
			productType = "com.apple.product-type.bundle.unit-test";
		};
/* End PBXNativeTarget section */

/* Begin PBXProject section */
		3EC9488C2790B44C00B68C96 /* Project object */ = {
			isa = PBXProject;
			attributes = {
				BuildIndependentTargetsInParallel = 1;
				LastSwiftUpdateCheck = 1320;
				LastUpgradeCheck = 1320;
				TargetAttributes = {
					3EC948932790B44C00B68C96 = {
						CreatedOnToolsVersion = 13.2.1;
					};
					3EC948A32790B44D00B68C96 = {
						CreatedOnToolsVersion = 13.2.1;
						TestTargetID = 3EC948932790B44C00B68C96;
					};
				};
			};
			buildConfigurationList = 3EC9488F2790B44C00B68C96 /* Build configuration list for PBXProject "KataClub" */;
			compatibilityVersion = "Xcode 13.0";
			developmentRegion = en;
			hasScannedForEncodings = 0;
			knownRegions = (
				en,
				Base,
			);
			mainGroup = 3EC9488B2790B44C00B68C96;
			productRefGroup = 3EC948952790B44C00B68C96 /* Products */;
			projectDirPath = "";
			projectRoot = "";
			targets = (
				3EC948932790B44C00B68C96 /* KataClub */,
				3EC948A32790B44D00B68C96 /* KataClubTests */,
			);
		};
/* End PBXProject section */

/* Begin PBXResourcesBuildPhase section */
		3EC948922790B44C00B68C96 /* Resources */ = {
			isa = PBXResourcesBuildPhase;
			buildActionMask = 2147483647;
			files = (
				3EC9489F2790B44D00B68C96 /* Preview Assets.xcassets in Resources */,
				3EC9489C2790B44D00B68C96 /* Assets.xcassets in Resources */,
			);
			runOnlyForDeploymentPostprocessing = 0;
		};
		3EC948A22790B44D00B68C96 /* Resources */ = {
			isa = PBXResourcesBuildPhase;
			buildActionMask = 2147483647;
			files = (
			);
			runOnlyForDeploymentPostprocessing = 0;
		};
/* End PBXResourcesBuildPhase section */

/* Begin PBXSourcesBuildPhase section */
		3EC948902790B44C00B68C96 /* Sources */ = {
			isa = PBXSourcesBuildPhase;
			buildActionMask = 2147483647;
			files = (
				5D9347FC27BAD61A00915F0B /* MusicLibraryHelperView.swift in Sources */,
				3EEA56D127A32B290009A650 /* ArithmeticProgressionView.swift in Sources */,
				5DE759B02798702400002998 /* FeaturedAppView.swift in Sources */,
				5D9DEE7A279B0BC200D0B82D /* PodcastEpisodeHelperView.swift in Sources */,
				5DE759B427987A4E00002998 /* Color+Extension.swift in Sources */,
				3EC9489A2790B44C00B68C96 /* ContentView.swift in Sources */,
				6D19F1CC2790BACA00D0CE14 /* DynamicTriangleView.swift in Sources */,
				5D9347F827BAD60400915F0B /* MusicLibraryView.swift in Sources */,
				5D9DEE7C279B0DB000D0B82D /* PodcastEpisodeView.swift in Sources */,
				5DE759B22798703000002998 /* FeaturedAppHelperView.swift in Sources */,
				3EC948982790B44C00B68C96 /* KataClubApp.swift in Sources */,
				5D9347FA27BAD61100915F0B /* MusicPlaylistsView.swift in Sources */,
			);
			runOnlyForDeploymentPostprocessing = 0;
		};
		3EC948A02790B44D00B68C96 /* Sources */ = {
			isa = PBXSourcesBuildPhase;
			buildActionMask = 2147483647;
			files = (
				6DDE124E27A33C2800B464F4 /* ArithmeticProgressionViewTest.swift in Sources */,
				3EC948A92790B44D00B68C96 /* KataClubTests.swift in Sources */,
				3E21A4DA2791F8CC009075A0 /* DynamicTriangleTests.swift in Sources */,
			);
			runOnlyForDeploymentPostprocessing = 0;
		};
/* End PBXSourcesBuildPhase section */

/* Begin PBXTargetDependency section */
		3EC948A62790B44D00B68C96 /* PBXTargetDependency */ = {
			isa = PBXTargetDependency;
			target = 3EC948932790B44C00B68C96 /* KataClub */;
			targetProxy = 3EC948A52790B44D00B68C96 /* PBXContainerItemProxy */;
		};
/* End PBXTargetDependency section */

/* Begin XCBuildConfiguration section */
		3EC948B62790B44D00B68C96 /* Debug */ = {
			isa = XCBuildConfiguration;
			buildSettings = {
				ALWAYS_SEARCH_USER_PATHS = NO;
				CLANG_ANALYZER_NONNULL = YES;
				CLANG_ANALYZER_NUMBER_OBJECT_CONVERSION = YES_AGGRESSIVE;
				CLANG_CXX_LANGUAGE_STANDARD = "gnu++17";
				CLANG_CXX_LIBRARY = "libc++";
				CLANG_ENABLE_MODULES = YES;
				CLANG_ENABLE_OBJC_ARC = YES;
				CLANG_ENABLE_OBJC_WEAK = YES;
				CLANG_WARN_BLOCK_CAPTURE_AUTORELEASING = YES;
				CLANG_WARN_BOOL_CONVERSION = YES;
				CLANG_WARN_COMMA = YES;
				CLANG_WARN_CONSTANT_CONVERSION = YES;
				CLANG_WARN_DEPRECATED_OBJC_IMPLEMENTATIONS = YES;
				CLANG_WARN_DIRECT_OBJC_ISA_USAGE = YES_ERROR;
				CLANG_WARN_DOCUMENTATION_COMMENTS = YES;
				CLANG_WARN_EMPTY_BODY = YES;
				CLANG_WARN_ENUM_CONVERSION = YES;
				CLANG_WARN_INFINITE_RECURSION = YES;
				CLANG_WARN_INT_CONVERSION = YES;
				CLANG_WARN_NON_LITERAL_NULL_CONVERSION = YES;
				CLANG_WARN_OBJC_IMPLICIT_RETAIN_SELF = YES;
				CLANG_WARN_OBJC_LITERAL_CONVERSION = YES;
				CLANG_WARN_OBJC_ROOT_CLASS = YES_ERROR;
				CLANG_WARN_QUOTED_INCLUDE_IN_FRAMEWORK_HEADER = YES;
				CLANG_WARN_RANGE_LOOP_ANALYSIS = YES;
				CLANG_WARN_STRICT_PROTOTYPES = YES;
				CLANG_WARN_SUSPICIOUS_MOVE = YES;
				CLANG_WARN_UNGUARDED_AVAILABILITY = YES_AGGRESSIVE;
				CLANG_WARN_UNREACHABLE_CODE = YES;
				CLANG_WARN__DUPLICATE_METHOD_MATCH = YES;
				COPY_PHASE_STRIP = NO;
				DEBUG_INFORMATION_FORMAT = dwarf;
				ENABLE_STRICT_OBJC_MSGSEND = YES;
				ENABLE_TESTABILITY = YES;
				GCC_C_LANGUAGE_STANDARD = gnu11;
				GCC_DYNAMIC_NO_PIC = NO;
				GCC_NO_COMMON_BLOCKS = YES;
				GCC_OPTIMIZATION_LEVEL = 0;
				GCC_PREPROCESSOR_DEFINITIONS = (
					"DEBUG=1",
					"$(inherited)",
				);
				GCC_WARN_64_TO_32_BIT_CONVERSION = YES;
				GCC_WARN_ABOUT_RETURN_TYPE = YES_ERROR;
				GCC_WARN_UNDECLARED_SELECTOR = YES;
				GCC_WARN_UNINITIALIZED_AUTOS = YES_AGGRESSIVE;
				GCC_WARN_UNUSED_FUNCTION = YES;
				GCC_WARN_UNUSED_VARIABLE = YES;
				IPHONEOS_DEPLOYMENT_TARGET = 15.2;
				MTL_ENABLE_DEBUG_INFO = INCLUDE_SOURCE;
				MTL_FAST_MATH = YES;
				ONLY_ACTIVE_ARCH = YES;
				SDKROOT = iphoneos;
				SWIFT_ACTIVE_COMPILATION_CONDITIONS = DEBUG;
				SWIFT_OPTIMIZATION_LEVEL = "-Onone";
			};
			name = Debug;
		};
		3EC948B72790B44D00B68C96 /* Release */ = {
			isa = XCBuildConfiguration;
			buildSettings = {
				ALWAYS_SEARCH_USER_PATHS = NO;
				CLANG_ANALYZER_NONNULL = YES;
				CLANG_ANALYZER_NUMBER_OBJECT_CONVERSION = YES_AGGRESSIVE;
				CLANG_CXX_LANGUAGE_STANDARD = "gnu++17";
				CLANG_CXX_LIBRARY = "libc++";
				CLANG_ENABLE_MODULES = YES;
				CLANG_ENABLE_OBJC_ARC = YES;
				CLANG_ENABLE_OBJC_WEAK = YES;
				CLANG_WARN_BLOCK_CAPTURE_AUTORELEASING = YES;
				CLANG_WARN_BOOL_CONVERSION = YES;
				CLANG_WARN_COMMA = YES;
				CLANG_WARN_CONSTANT_CONVERSION = YES;
				CLANG_WARN_DEPRECATED_OBJC_IMPLEMENTATIONS = YES;
				CLANG_WARN_DIRECT_OBJC_ISA_USAGE = YES_ERROR;
				CLANG_WARN_DOCUMENTATION_COMMENTS = YES;
				CLANG_WARN_EMPTY_BODY = YES;
				CLANG_WARN_ENUM_CONVERSION = YES;
				CLANG_WARN_INFINITE_RECURSION = YES;
				CLANG_WARN_INT_CONVERSION = YES;
				CLANG_WARN_NON_LITERAL_NULL_CONVERSION = YES;
				CLANG_WARN_OBJC_IMPLICIT_RETAIN_SELF = YES;
				CLANG_WARN_OBJC_LITERAL_CONVERSION = YES;
				CLANG_WARN_OBJC_ROOT_CLASS = YES_ERROR;
				CLANG_WARN_QUOTED_INCLUDE_IN_FRAMEWORK_HEADER = YES;
				CLANG_WARN_RANGE_LOOP_ANALYSIS = YES;
				CLANG_WARN_STRICT_PROTOTYPES = YES;
				CLANG_WARN_SUSPICIOUS_MOVE = YES;
				CLANG_WARN_UNGUARDED_AVAILABILITY = YES_AGGRESSIVE;
				CLANG_WARN_UNREACHABLE_CODE = YES;
				CLANG_WARN__DUPLICATE_METHOD_MATCH = YES;
				COPY_PHASE_STRIP = NO;
				DEBUG_INFORMATION_FORMAT = "dwarf-with-dsym";
				ENABLE_NS_ASSERTIONS = NO;
				ENABLE_STRICT_OBJC_MSGSEND = YES;
				GCC_C_LANGUAGE_STANDARD = gnu11;
				GCC_NO_COMMON_BLOCKS = YES;
				GCC_WARN_64_TO_32_BIT_CONVERSION = YES;
				GCC_WARN_ABOUT_RETURN_TYPE = YES_ERROR;
				GCC_WARN_UNDECLARED_SELECTOR = YES;
				GCC_WARN_UNINITIALIZED_AUTOS = YES_AGGRESSIVE;
				GCC_WARN_UNUSED_FUNCTION = YES;
				GCC_WARN_UNUSED_VARIABLE = YES;
				IPHONEOS_DEPLOYMENT_TARGET = 15.2;
				MTL_ENABLE_DEBUG_INFO = NO;
				MTL_FAST_MATH = YES;
				SDKROOT = iphoneos;
				SWIFT_COMPILATION_MODE = wholemodule;
				SWIFT_OPTIMIZATION_LEVEL = "-O";
				VALIDATE_PRODUCT = YES;
			};
			name = Release;
		};
		3EC948B92790B44D00B68C96 /* Debug */ = {
			isa = XCBuildConfiguration;
			buildSettings = {
				ASSETCATALOG_COMPILER_APPICON_NAME = AppIcon;
				ASSETCATALOG_COMPILER_GLOBAL_ACCENT_COLOR_NAME = AccentColor;
				CODE_SIGN_STYLE = Automatic;
				CURRENT_PROJECT_VERSION = 1;
				DEVELOPMENT_ASSET_PATHS = "\"KataClub/Preview Content\"";
				DEVELOPMENT_TEAM = PU4JAM9L7Q;
				ENABLE_PREVIEWS = YES;
				GENERATE_INFOPLIST_FILE = YES;
				INFOPLIST_KEY_UIApplicationSceneManifest_Generation = YES;
				INFOPLIST_KEY_UIApplicationSupportsIndirectInputEvents = YES;
				INFOPLIST_KEY_UILaunchScreen_Generation = YES;
				INFOPLIST_KEY_UISupportedInterfaceOrientations_iPad = "UIInterfaceOrientationPortrait UIInterfaceOrientationPortraitUpsideDown UIInterfaceOrientationLandscapeLeft UIInterfaceOrientationLandscapeRight";
				INFOPLIST_KEY_UISupportedInterfaceOrientations_iPhone = "UIInterfaceOrientationPortrait UIInterfaceOrientationLandscapeLeft UIInterfaceOrientationLandscapeRight";
				LD_RUNPATH_SEARCH_PATHS = (
					"$(inherited)",
					"@executable_path/Frameworks",
				);
				MARKETING_VERSION = 1.0;
				PRODUCT_BUNDLE_IDENTIFIER = com.tomphillipsmusic.KataClub;
				PRODUCT_NAME = "$(TARGET_NAME)";
				SWIFT_EMIT_LOC_STRINGS = YES;
				SWIFT_VERSION = 5.0;
				TARGETED_DEVICE_FAMILY = "1,2";
			};
			name = Debug;
		};
		3EC948BA2790B44D00B68C96 /* Release */ = {
			isa = XCBuildConfiguration;
			buildSettings = {
				ASSETCATALOG_COMPILER_APPICON_NAME = AppIcon;
				ASSETCATALOG_COMPILER_GLOBAL_ACCENT_COLOR_NAME = AccentColor;
				CODE_SIGN_STYLE = Automatic;
				CURRENT_PROJECT_VERSION = 1;
				DEVELOPMENT_ASSET_PATHS = "\"KataClub/Preview Content\"";
				DEVELOPMENT_TEAM = PU4JAM9L7Q;
				ENABLE_PREVIEWS = YES;
				GENERATE_INFOPLIST_FILE = YES;
				INFOPLIST_KEY_UIApplicationSceneManifest_Generation = YES;
				INFOPLIST_KEY_UIApplicationSupportsIndirectInputEvents = YES;
				INFOPLIST_KEY_UILaunchScreen_Generation = YES;
				INFOPLIST_KEY_UISupportedInterfaceOrientations_iPad = "UIInterfaceOrientationPortrait UIInterfaceOrientationPortraitUpsideDown UIInterfaceOrientationLandscapeLeft UIInterfaceOrientationLandscapeRight";
				INFOPLIST_KEY_UISupportedInterfaceOrientations_iPhone = "UIInterfaceOrientationPortrait UIInterfaceOrientationLandscapeLeft UIInterfaceOrientationLandscapeRight";
				LD_RUNPATH_SEARCH_PATHS = (
					"$(inherited)",
					"@executable_path/Frameworks",
				);
				MARKETING_VERSION = 1.0;
				PRODUCT_BUNDLE_IDENTIFIER = com.tomphillipsmusic.KataClub;
				PRODUCT_NAME = "$(TARGET_NAME)";
				SWIFT_EMIT_LOC_STRINGS = YES;
				SWIFT_VERSION = 5.0;
				TARGETED_DEVICE_FAMILY = "1,2";
			};
			name = Release;
		};
		3EC948BC2790B44D00B68C96 /* Debug */ = {
			isa = XCBuildConfiguration;
			buildSettings = {
				ALWAYS_EMBED_SWIFT_STANDARD_LIBRARIES = YES;
				BUNDLE_LOADER = "$(TEST_HOST)";
				CODE_SIGN_STYLE = Automatic;
				CURRENT_PROJECT_VERSION = 1;
				DEVELOPMENT_TEAM = PU4JAM9L7Q;
				GENERATE_INFOPLIST_FILE = YES;
				IPHONEOS_DEPLOYMENT_TARGET = 15.2;
				MARKETING_VERSION = 1.0;
				PRODUCT_BUNDLE_IDENTIFIER = com.tomphillipsmusic.KataClubTests;
				PRODUCT_NAME = "$(TARGET_NAME)";
				SWIFT_EMIT_LOC_STRINGS = NO;
				SWIFT_VERSION = 5.0;
				TARGETED_DEVICE_FAMILY = "1,2";
				TEST_HOST = "$(BUILT_PRODUCTS_DIR)/KataClub.app/KataClub";
			};
			name = Debug;
		};
		3EC948BD2790B44D00B68C96 /* Release */ = {
			isa = XCBuildConfiguration;
			buildSettings = {
				ALWAYS_EMBED_SWIFT_STANDARD_LIBRARIES = YES;
				BUNDLE_LOADER = "$(TEST_HOST)";
				CODE_SIGN_STYLE = Automatic;
				CURRENT_PROJECT_VERSION = 1;
				DEVELOPMENT_TEAM = PU4JAM9L7Q;
				GENERATE_INFOPLIST_FILE = YES;
				IPHONEOS_DEPLOYMENT_TARGET = 15.2;
				MARKETING_VERSION = 1.0;
				PRODUCT_BUNDLE_IDENTIFIER = com.tomphillipsmusic.KataClubTests;
				PRODUCT_NAME = "$(TARGET_NAME)";
				SWIFT_EMIT_LOC_STRINGS = NO;
				SWIFT_VERSION = 5.0;
				TARGETED_DEVICE_FAMILY = "1,2";
				TEST_HOST = "$(BUILT_PRODUCTS_DIR)/KataClub.app/KataClub";
			};
			name = Release;
		};
/* End XCBuildConfiguration section */

/* Begin XCConfigurationList section */
		3EC9488F2790B44C00B68C96 /* Build configuration list for PBXProject "KataClub" */ = {
			isa = XCConfigurationList;
			buildConfigurations = (
				3EC948B62790B44D00B68C96 /* Debug */,
				3EC948B72790B44D00B68C96 /* Release */,
			);
			defaultConfigurationIsVisible = 0;
			defaultConfigurationName = Release;
		};
		3EC948B82790B44D00B68C96 /* Build configuration list for PBXNativeTarget "KataClub" */ = {
			isa = XCConfigurationList;
			buildConfigurations = (
				3EC948B92790B44D00B68C96 /* Debug */,
				3EC948BA2790B44D00B68C96 /* Release */,
			);
			defaultConfigurationIsVisible = 0;
			defaultConfigurationName = Release;
		};
		3EC948BB2790B44D00B68C96 /* Build configuration list for PBXNativeTarget "KataClubTests" */ = {
			isa = XCConfigurationList;
			buildConfigurations = (
				3EC948BC2790B44D00B68C96 /* Debug */,
				3EC948BD2790B44D00B68C96 /* Release */,
			);
			defaultConfigurationIsVisible = 0;
			defaultConfigurationName = Release;
		};
/* End XCConfigurationList section */
	};
	rootObject = 3EC9488C2790B44C00B68C96 /* Project object */;
}
